
Microsoft Visual Studio Solution File, Format Version 12.00
# Visual Studio 15
VisualStudioVersion = 15.0.28307.539
MinimumVisualStudioVersion = 10.0.40219.1
Project("{FAE04EC0-301F-11D3-BF4B-00C04F79EFBC}") = "ExtJS_Store", "ExtJS_Store\ExtJS_Store.csproj", "{DB8A92EC-417F-403E-8FC0-572E63F30F0E}"
EndProject
Global
	GlobalSection(SolutionConfigurationPlatforms) = preSolution
		Debug|Any CPU = Debug|Any CPU
		Release|Any CPU = Release|Any CPU
	EndGlobalSection
	GlobalSection(ProjectConfigurationPlatforms) = postSolution
		{DB8A92EC-417F-403E-8FC0-572E63F30F0E}.Debug|Any CPU.ActiveCfg = Debug|Any CPU
		{DB8A92EC-417F-403E-8FC0-572E63F30F0E}.Debug|Any CPU.Build.0 = Debug|Any CPU
		{DB8A92EC-417F-403E-8FC0-572E63F30F0E}.Release|Any CPU.ActiveCfg = Release|Any CPU
		{DB8A92EC-417F-403E-8FC0-572E63F30F0E}.Release|Any CPU.Build.0 = Release|Any CPU
	EndGlobalSection
	GlobalSection(SolutionProperties) = preSolution
		HideSolutionNode = FALSE
	EndGlobalSection
	GlobalSection(ExtensibilityGlobals) = postSolution
		SolutionGuid = {30437C59-65E4-46EE-B9D3-3CCF1F7124E2}
	EndGlobalSection
EndGlobal
